
Microsoft Visual Studio Solution File, Format Version 12.00
Project("{FAE04EC0-301F-11D3-BF4B-00C04F79EFBC}") = "Expulsion.Erenshor.Wellstone", "Expulsion.Erenshor.Wellstone\Expulsion.Erenshor.Wellstone.csproj", "{4BDDDD63-D5BA-4007-814C-93406217AE7A}"
EndProject
Global
	GlobalSection(SolutionConfigurationPlatforms) = preSolution
		Debug|Any CPU = Debug|Any CPU
		Release|Any CPU = Release|Any CPU
	EndGlobalSection
	GlobalSection(ProjectConfigurationPlatforms) = postSolution
		{4BDDDD63-D5BA-4007-814C-93406217AE7A}.Debug|Any CPU.ActiveCfg = Debug|Any CPU
		{4BDDDD63-D5BA-4007-814C-93406217AE7A}.Debug|Any CPU.Build.0 = Debug|Any CPU
		{4BDDDD63-D5BA-4007-814C-93406217AE7A}.Release|Any CPU.ActiveCfg = Release|Any CPU
		{4BDDDD63-D5BA-4007-814C-93406217AE7A}.Release|Any CPU.Build.0 = Release|Any CPU
	EndGlobalSection
EndGlobal
